
Microsoft Visual Studio Solution File, Format Version 12.00
# Visual Studio Version 17
VisualStudioVersion = 17.9.34728.123
MinimumVisualStudioVersion = 10.0.40219.1
Project("{FAE04EC0-301F-11D3-BF4B-00C04F79EFBC}") = "TerraCH.Backuper", "TerraCH.Backuper.csproj", "{AE7F1A9E-3343-4D54-B2FC-918241D1EF2E}"
EndProject
Global
	GlobalSection(SolutionConfigurationPlatforms) = preSolution
		Debug|Any CPU = Debug|Any CPU
		Release|Any CPU = Release|Any CPU
	EndGlobalSection
	GlobalSection(ProjectConfigurationPlatforms) = postSolution
		{AE7F1A9E-3343-4D54-B2FC-918241D1EF2E}.Debug|Any CPU.ActiveCfg = Debug|Any CPU
		{AE7F1A9E-3343-4D54-B2FC-918241D1EF2E}.Debug|Any CPU.Build.0 = Debug|Any CPU
		{AE7F1A9E-3343-4D54-B2FC-918241D1EF2E}.Release|Any CPU.ActiveCfg = Release|Any CPU
		{AE7F1A9E-3343-4D54-B2FC-918241D1EF2E}.Release|Any CPU.Build.0 = Release|Any CPU
	EndGlobalSection
	GlobalSection(SolutionProperties) = preSolution
		HideSolutionNode = FALSE
	EndGlobalSection
	GlobalSection(ExtensibilityGlobals) = postSolution
		SolutionGuid = {F8189F41-AA80-4764-ABD2-F446F1FF8CAD}
	EndGlobalSection
EndGlobal
